
Microsoft Visual Studio Solution File, Format Version 12.00
# Visual Studio Version 17
VisualStudioVersion = 17.13.35818.85
MinimumVisualStudioVersion = 10.0.40219.1
Project("{FAE04EC0-301F-11D3-BF4B-00C04F79EFBC}") = "BankingCLI", "BankingCLI\BankingCLI.csproj", "{F9066A8B-8CF6-4D72-99CF-8AC8E6868B15}"
EndProject
Project("{FAE04EC0-301F-11D3-BF4B-00C04F79EFBC}") = "LibrarieModeleBanking", "LibrarieModeleBanking\LibrarieModeleBanking.csproj", "{44111464-4335-4854-8CC3-1D75B50438E0}"
EndProject
Project("{FAE04EC0-301F-11D3-BF4B-00C04F79EFBC}") = "StocareDateBanking", "StocareDateBanking\StocareDateBanking.csproj", "{9EB05DAF-07D7-418E-AE2E-8B200C84FF2F}"
EndProject
Project("{FAE04EC0-301F-11D3-BF4B-00C04F79EFBC}") = "AplicatieBankingForms", "AplicatieBankingForms\AplicatieBankingForms.csproj", "{F7CD9D63-86F2-4CEC-87CE-10D88C8DD8BC}"
EndProject
Project("{FAE04EC0-301F-11D3-BF4B-00C04F79EFBC}") = "UtilitareBanking", "UtilitareBanking\UtilitareBanking.csproj", "{D382E396-1DAF-4F0E-95E7-A851D6F6213E}"
EndProject
Global
	GlobalSection(SolutionConfigurationPlatforms) = preSolution
		Debug|Any CPU = Debug|Any CPU
		Release|Any CPU = Release|Any CPU
	EndGlobalSection
	GlobalSection(ProjectConfigurationPlatforms) = postSolution
		{F9066A8B-8CF6-4D72-99CF-8AC8E6868B15}.Debug|Any CPU.ActiveCfg = Debug|Any CPU
		{F9066A8B-8CF6-4D72-99CF-8AC8E6868B15}.Debug|Any CPU.Build.0 = Debug|Any CPU
		{F9066A8B-8CF6-4D72-99CF-8AC8E6868B15}.Release|Any CPU.ActiveCfg = Release|Any CPU
		{F9066A8B-8CF6-4D72-99CF-8AC8E6868B15}.Release|Any CPU.Build.0 = Release|Any CPU
		{44111464-4335-4854-8CC3-1D75B50438E0}.Debug|Any CPU.ActiveCfg = Debug|Any CPU
		{44111464-4335-4854-8CC3-1D75B50438E0}.Debug|Any CPU.Build.0 = Debug|Any CPU
		{44111464-4335-4854-8CC3-1D75B50438E0}.Release|Any CPU.ActiveCfg = Release|Any CPU
		{44111464-4335-4854-8CC3-1D75B50438E0}.Release|Any CPU.Build.0 = Release|Any CPU
		{9EB05DAF-07D7-418E-AE2E-8B200C84FF2F}.Debug|Any CPU.ActiveCfg = Debug|Any CPU
		{9EB05DAF-07D7-418E-AE2E-8B200C84FF2F}.Debug|Any CPU.Build.0 = Debug|Any CPU
		{9EB05DAF-07D7-418E-AE2E-8B200C84FF2F}.Release|Any CPU.ActiveCfg = Release|Any CPU
		{9EB05DAF-07D7-418E-AE2E-8B200C84FF2F}.Release|Any CPU.Build.0 = Release|Any CPU
		{F7CD9D63-86F2-4CEC-87CE-10D88C8DD8BC}.Debug|Any CPU.ActiveCfg = Debug|Any CPU
		{F7CD9D63-86F2-4CEC-87CE-10D88C8DD8BC}.Debug|Any CPU.Build.0 = Debug|Any CPU
		{F7CD9D63-86F2-4CEC-87CE-10D88C8DD8BC}.Release|Any CPU.ActiveCfg = Release|Any CPU
		{F7CD9D63-86F2-4CEC-87CE-10D88C8DD8BC}.Release|Any CPU.Build.0 = Release|Any CPU
		{D382E396-1DAF-4F0E-95E7-A851D6F6213E}.Debug|Any CPU.ActiveCfg = Debug|Any CPU
		{D382E396-1DAF-4F0E-95E7-A851D6F6213E}.Debug|Any CPU.Build.0 = Debug|Any CPU
		{D382E396-1DAF-4F0E-95E7-A851D6F6213E}.Release|Any CPU.ActiveCfg = Release|Any CPU
		{D382E396-1DAF-4F0E-95E7-A851D6F6213E}.Release|Any CPU.Build.0 = Release|Any CPU
	EndGlobalSection
	GlobalSection(SolutionProperties) = preSolution
		HideSolutionNode = FALSE
	EndGlobalSection
	GlobalSection(ExtensibilityGlobals) = postSolution
		SolutionGuid = {F4369224-FD37-442E-B441-8919E816DBF8}
	EndGlobalSection
EndGlobal
